
Microsoft Visual Studio Solution File, Format Version 12.00
# Visual Studio Version 16
VisualStudioVersion = 16.0.32126.315
MinimumVisualStudioVersion = 10.0.40219.1
Project("{2150E333-8FDC-42A3-9474-1A3956D46DE8}") = "Course-Exercises", "Course-Exercises", "{61AABFC5-9C11-4F0D-8C75-CBB97A85A29E}"
EndProject
Project("{8BC9CEB8-8B4A-11D0-8D11-00A0C91BC942}") = "AnimatedBoxes", "AnimatedBoxes\AnimatedBoxes.vcxproj", "{1C85B9BF-EAC2-420B-A366-B48C4CCE8557}"
EndProject
Project("{8BC9CEB8-8B4A-11D0-8D11-00A0C91BC942}") = "Moving-Box", "Moving-Box\Moving-Box.vcxproj", "{86686EDE-B09E-49D6-9350-24EDDBA914DC}"
EndProject
Project("{8BC9CEB8-8B4A-11D0-8D11-00A0C91BC942}") = "Display-FPS-With-TTF", "Display-FPS-With-TTF\Display-FPS-With-TTF.vcxproj", "{CE1AF342-ADBA-4275-AB62-24ECF82D97F4}"
EndProject
Project("{8BC9CEB8-8B4A-11D0-8D11-00A0C91BC942}") = "Opengl-Push-Pop", "Opengl-Push-Pop\Opengl-Push-Pop.vcxproj", "{F5610FB5-1345-4653-A1D3-455322271E3E}"
EndProject
Project("{8BC9CEB8-8B4A-11D0-8D11-00A0C91BC942}") = "Mini-Box-Avoiding-Game", "Mini-Box-Avoiding-Game\Mini-Box-Avoiding-Game.vcxproj", "{75002FF6-A174-4521-932D-2CC71C0DA771}"
EndProject
Project("{8BC9CEB8-8B4A-11D0-8D11-00A0C91BC942}") = "Opengl-Demo", "Opengl-Demo\Opengl-Demo.vcxproj", "{3C8204CA-5216-46F6-A863-4B772B4F1148}"
EndProject
Project("{8BC9CEB8-8B4A-11D0-8D11-00A0C91BC942}") = "Tiled-Background", "Tiled-Background\Tiled-Background.vcxproj", "{2B4A0F3F-A01C-43AE-B84A-2C35C6A12A60}"
EndProject
Project("{8BC9CEB8-8B4A-11D0-8D11-00A0C91BC942}") = "Random-Boxes", "Random-Boxes\Random-Boxes.vcxproj", "{27698544-0154-4D6D-B90B-4C6515B40C5E}"
EndProject
Project("{2150E333-8FDC-42A3-9474-1A3956D46DE8}") = "Assignments", "Assignments", "{179C5F77-00E9-4DF3-AEB6-611A57012233}"
EndProject
Project("{8BC9CEB8-8B4A-11D0-8D11-00A0C91BC942}") = "1-Save-Load-GameObjects", "1-Save-Load-GameObjects\1-Save-Load-GameObjects.vcxproj", "{1A9F6AF6-68A7-4425-91B4-88E051E7F51A}"
EndProject
Project("{8BC9CEB8-8B4A-11D0-8D11-00A0C91BC942}") = "2-Image-Manager", "2-Image-Manager\2-Image-Manager.vcxproj", "{86A77812-3E14-4657-ABE1-FF1AAF478917}"
EndProject
Project("{8BC9CEB8-8B4A-11D0-8D11-00A0C91BC942}") = "3-Random-Black-White-Box-Generator", "3-Random-Black-White-Box-Generator\3-Random-Black-White-Box-Generator.vcxproj", "{2EAC4557-CC82-432D-B6BC-41BB9CC9849C}"
EndProject
Project("{8BC9CEB8-8B4A-11D0-8D11-00A0C91BC942}") = "5-Image-Zoom", "5-Image-Zoom\5-Image-Zoom.vcxproj", "{9412D2C8-3B4C-4A62-A205-1F98126BF475}"
EndProject
Project("{8BC9CEB8-8B4A-11D0-8D11-00A0C91BC942}") = "4-Paint", "4-Paint\4-Paint.vcxproj", "{0D86F0A8-3460-4AA3-829B-D6EC54B4F34C}"
EndProject
Project("{8BC9CEB8-8B4A-11D0-8D11-00A0C91BC942}") = "6-Moving-Character-Sprite", "6-Moving-Character-Sprite\6-Moving-Character-Sprite.vcxproj", "{BEE0A6A8-0FBD-4C1C-A703-8955C7438B5E}"
EndProject
Project("{8BC9CEB8-8B4A-11D0-8D11-00A0C91BC942}") = "7-Space-Invaders", "7-Space-Invaders\7-Space-Invaders.vcxproj", "{E709C19E-E1AC-46EF-8446-F46227EEA7CA}"
EndProject
Project("{8BC9CEB8-8B4A-11D0-8D11-00A0C91BC942}") = "8-Opengl-Tractor-Object", "8-Opengl-Tractor-Object\8-Opengl-Tractor-Object.vcxproj", "{28252139-C6EC-4448-AACA-5B0D8F44CB1D}"
EndProject
Project("{8BC9CEB8-8B4A-11D0-8D11-00A0C91BC942}") = "9-Opengl-House-Object", "9-Opengl-House-Object\9-Opengl-House-Object.vcxproj", "{B99C198B-062E-4285-A698-306BCB07162D}"
EndProject
Project("{8BC9CEB8-8B4A-11D0-8D11-00A0C91BC942}") = "10-Opengl-City-Boxes", "10-Opengl-City-Boxes\10-Opengl-City-Boxes.vcxproj", "{607F4C9C-6A7C-40A0-A713-9575CC857614}"
EndProject
Project("{8BC9CEB8-8B4A-11D0-8D11-00A0C91BC942}") = "11-Opengl-Box-Driving", "11-Opengl-Box-Driving\11-Opengl-Box-Driving.vcxproj", "{8CB94B41-268F-435B-83DE-E4C3FF6C21D4}"
EndProject
Project("{8BC9CEB8-8B4A-11D0-8D11-00A0C91BC942}") = "12-Trump-Coin-Collector-Game", "12-Trump-Coin-Collector-Game\12-Trump-Coin-Collector-Game.vcxproj", "{7256CFD9-382D-4BE9-8EF3-AF51A4D516BD}"
EndProject
Project("{8BC9CEB8-8B4A-11D0-8D11-00A0C91BC942}") = "13-Opengl-Exam", "13-Opengl-Exam\13-Opengl-Exam.vcxproj", "{41DBE092-B6CC-4F45-9164-47FF881D7AD5}"
EndProject
Global
	GlobalSection(SolutionConfigurationPlatforms) = preSolution
		Debug|x64 = Debug|x64
		Debug|x86 = Debug|x86
		Release|x64 = Release|x64
		Release|x86 = Release|x86
	EndGlobalSection
	GlobalSection(ProjectConfigurationPlatforms) = postSolution
		{1C85B9BF-EAC2-420B-A366-B48C4CCE8557}.Debug|x64.ActiveCfg = Debug|x64
		{1C85B9BF-EAC2-420B-A366-B48C4CCE8557}.Debug|x64.Build.0 = Debug|x64
		{1C85B9BF-EAC2-420B-A366-B48C4CCE8557}.Debug|x86.ActiveCfg = Debug|Win32
		{1C85B9BF-EAC2-420B-A366-B48C4CCE8557}.Debug|x86.Build.0 = Debug|Win32
		{1C85B9BF-EAC2-420B-A366-B48C4CCE8557}.Release|x64.ActiveCfg = Release|x64
		{1C85B9BF-EAC2-420B-A366-B48C4CCE8557}.Release|x64.Build.0 = Release|x64
		{1C85B9BF-EAC2-420B-A366-B48C4CCE8557}.Release|x86.ActiveCfg = Release|Win32
		{1C85B9BF-EAC2-420B-A366-B48C4CCE8557}.Release|x86.Build.0 = Release|Win32
		{86686EDE-B09E-49D6-9350-24EDDBA914DC}.Debug|x64.ActiveCfg = Debug|x64
		{86686EDE-B09E-49D6-9350-24EDDBA914DC}.Debug|x64.Build.0 = Debug|x64
		{86686EDE-B09E-49D6-9350-24EDDBA914DC}.Debug|x86.ActiveCfg = Debug|Win32
		{86686EDE-B09E-49D6-9350-24EDDBA914DC}.Debug|x86.Build.0 = Debug|Win32
		{86686EDE-B09E-49D6-9350-24EDDBA914DC}.Release|x64.ActiveCfg = Release|x64
		{86686EDE-B09E-49D6-9350-24EDDBA914DC}.Release|x64.Build.0 = Release|x64
		{86686EDE-B09E-49D6-9350-24EDDBA914DC}.Release|x86.ActiveCfg = Release|Win32
		{86686EDE-B09E-49D6-9350-24EDDBA914DC}.Release|x86.Build.0 = Release|Win32
		{CE1AF342-ADBA-4275-AB62-24ECF82D97F4}.Debug|x64.ActiveCfg = Debug|x64
		{CE1AF342-ADBA-4275-AB62-24ECF82D97F4}.Debug|x64.Build.0 = Debug|x64
		{CE1AF342-ADBA-4275-AB62-24ECF82D97F4}.Debug|x86.ActiveCfg = Debug|Win32
		{CE1AF342-ADBA-4275-AB62-24ECF82D97F4}.Debug|x86.Build.0 = Debug|Win32
		{CE1AF342-ADBA-4275-AB62-24ECF82D97F4}.Release|x64.ActiveCfg = Release|x64
		{CE1AF342-ADBA-4275-AB62-24ECF82D97F4}.Release|x64.Build.0 = Release|x64
		{CE1AF342-ADBA-4275-AB62-24ECF82D97F4}.Release|x86.ActiveCfg = Release|Win32
		{CE1AF342-ADBA-4275-AB62-24ECF82D97F4}.Release|x86.Build.0 = Release|Win32
		{F5610FB5-1345-4653-A1D3-455322271E3E}.Debug|x64.ActiveCfg = Debug|x64
		{F5610FB5-1345-4653-A1D3-455322271E3E}.Debug|x64.Build.0 = Debug|x64
		{F5610FB5-1345-4653-A1D3-455322271E3E}.Debug|x86.ActiveCfg = Debug|Win32
		{F5610FB5-1345-4653-A1D3-455322271E3E}.Debug|x86.Build.0 = Debug|Win32
		{F5610FB5-1345-4653-A1D3-455322271E3E}.Release|x64.ActiveCfg = Release|x64
		{F5610FB5-1345-4653-A1D3-455322271E3E}.Release|x64.Build.0 = Release|x64
		{F5610FB5-1345-4653-A1D3-455322271E3E}.Release|x86.ActiveCfg = Release|Win32
		{F5610FB5-1345-4653-A1D3-455322271E3E}.Release|x86.Build.0 = Release|Win32
		{75002FF6-A174-4521-932D-2CC71C0DA771}.Debug|x64.ActiveCfg = Debug|x64
		{75002FF6-A174-4521-932D-2CC71C0DA771}.Debug|x64.Build.0 = Debug|x64
		{75002FF6-A174-4521-932D-2CC71C0DA771}.Debug|x86.ActiveCfg = Debug|Win32
		{75002FF6-A174-4521-932D-2CC71C0DA771}.Debug|x86.Build.0 = Debug|Win32
		{75002FF6-A174-4521-932D-2CC71C0DA771}.Release|x64.ActiveCfg = Release|x64
		{75002FF6-A174-4521-932D-2CC71C0DA771}.Release|x64.Build.0 = Release|x64
		{75002FF6-A174-4521-932D-2CC71C0DA771}.Release|x86.ActiveCfg = Release|Win32
		{75002FF6-A174-4521-932D-2CC71C0DA771}.Release|x86.Build.0 = Release|Win32
		{3C8204CA-5216-46F6-A863-4B772B4F1148}.Debug|x64.ActiveCfg = Debug|x64
		{3C8204CA-5216-46F6-A863-4B772B4F1148}.Debug|x64.Build.0 = Debug|x64
		{3C8204CA-5216-46F6-A863-4B772B4F1148}.Debug|x86.ActiveCfg = Debug|Win32
		{3C8204CA-5216-46F6-A863-4B772B4F1148}.Debug|x86.Build.0 = Debug|Win32
		{3C8204CA-5216-46F6-A863-4B772B4F1148}.Release|x64.ActiveCfg = Release|x64
		{3C8204CA-5216-46F6-A863-4B772B4F1148}.Release|x64.Build.0 = Release|x64
		{3C8204CA-5216-46F6-A863-4B772B4F1148}.Release|x86.ActiveCfg = Release|Win32
		{3C8204CA-5216-46F6-A863-4B772B4F1148}.Release|x86.Build.0 = Release|Win32
		{2B4A0F3F-A01C-43AE-B84A-2C35C6A12A60}.Debug|x64.ActiveCfg = Debug|x64
		{2B4A0F3F-A01C-43AE-B84A-2C35C6A12A60}.Debug|x64.Build.0 = Debug|x64
		{2B4A0F3F-A01C-43AE-B84A-2C35C6A12A60}.Debug|x86.ActiveCfg = Debug|Win32
		{2B4A0F3F-A01C-43AE-B84A-2C35C6A12A60}.Debug|x86.Build.0 = Debug|Win32
		{2B4A0F3F-A01C-43AE-B84A-2C35C6A12A60}.Release|x64.ActiveCfg = Release|x64
		{2B4A0F3F-A01C-43AE-B84A-2C35C6A12A60}.Release|x64.Build.0 = Release|x64
		{2B4A0F3F-A01C-43AE-B84A-2C35C6A12A60}.Release|x86.ActiveCfg = Release|Win32
		{2B4A0F3F-A01C-43AE-B84A-2C35C6A12A60}.Release|x86.Build.0 = Release|Win32
		{27698544-0154-4D6D-B90B-4C6515B40C5E}.Debug|x64.ActiveCfg = Debug|x64
		{27698544-0154-4D6D-B90B-4C6515B40C5E}.Debug|x64.Build.0 = Debug|x64
		{27698544-0154-4D6D-B90B-4C6515B40C5E}.Debug|x86.ActiveCfg = Debug|Win32
		{27698544-0154-4D6D-B90B-4C6515B40C5E}.Debug|x86.Build.0 = Debug|Win32
		{27698544-0154-4D6D-B90B-4C6515B40C5E}.Release|x64.ActiveCfg = Release|x64
		{27698544-0154-4D6D-B90B-4C6515B40C5E}.Release|x64.Build.0 = Release|x64
		{27698544-0154-4D6D-B90B-4C6515B40C5E}.Release|x86.ActiveCfg = Release|Win32
		{27698544-0154-4D6D-B90B-4C6515B40C5E}.Release|x86.Build.0 = Release|Win32
		{1A9F6AF6-68A7-4425-91B4-88E051E7F51A}.Debug|x64.ActiveCfg = Debug|x64
		{1A9F6AF6-68A7-4425-91B4-88E051E7F51A}.Debug|x64.Build.0 = Debug|x64
		{1A9F6AF6-68A7-4425-91B4-88E051E7F51A}.Debug|x86.ActiveCfg = Debug|Win32
		{1A9F6AF6-68A7-4425-91B4-88E051E7F51A}.Debug|x86.Build.0 = Debug|Win32
		{1A9F6AF6-68A7-4425-91B4-88E051E7F51A}.Release|x64.ActiveCfg = Release|x64
		{1A9F6AF6-68A7-4425-91B4-88E051E7F51A}.Release|x64.Build.0 = Release|x64
		{1A9F6AF6-68A7-4425-91B4-88E051E7F51A}.Release|x86.ActiveCfg = Release|Win32
		{1A9F6AF6-68A7-4425-91B4-88E051E7F51A}.Release|x86.Build.0 = Release|Win32
		{86A77812-3E14-4657-ABE1-FF1AAF478917}.Debug|x64.ActiveCfg = Debug|x64
		{86A77812-3E14-4657-ABE1-FF1AAF478917}.Debug|x64.Build.0 = Debug|x64
		{86A77812-3E14-4657-ABE1-FF1AAF478917}.Debug|x86.ActiveCfg = Debug|Win32
		{86A77812-3E14-4657-ABE1-FF1AAF478917}.Debug|x86.Build.0 = Debug|Win32
		{86A77812-3E14-4657-ABE1-FF1AAF478917}.Release|x64.ActiveCfg = Release|x64
		{86A77812-3E14-4657-ABE1-FF1AAF478917}.Release|x64.Build.0 = Release|x64
		{86A77812-3E14-4657-ABE1-FF1AAF478917}.Release|x86.ActiveCfg = Release|Win32
		{86A77812-3E14-4657-ABE1-FF1AAF478917}.Release|x86.Build.0 = Release|Win32
		{2EAC4557-CC82-432D-B6BC-41BB9CC9849C}.Debug|x64.ActiveCfg = Debug|x64
		{2EAC4557-CC82-432D-B6BC-41BB9CC9849C}.Debug|x64.Build.0 = Debug|x64
		{2EAC4557-CC82-432D-B6BC-41BB9CC9849C}.Debug|x86.ActiveCfg = Debug|Win32
		{2EAC4557-CC82-432D-B6BC-41BB9CC9849C}.Debug|x86.Build.0 = Debug|Win32
		{2EAC4557-CC82-432D-B6BC-41BB9CC9849C}.Release|x64.ActiveCfg = Release|x64
		{2EAC4557-CC82-432D-B6BC-41BB9CC9849C}.Release|x64.Build.0 = Release|x64
		{2EAC4557-CC82-432D-B6BC-41BB9CC9849C}.Release|x86.ActiveCfg = Release|Win32
		{2EAC4557-CC82-432D-B6BC-41BB9CC9849C}.Release|x86.Build.0 = Release|Win32
		{9412D2C8-3B4C-4A62-A205-1F98126BF475}.Debug|x64.ActiveCfg = Debug|x64
		{9412D2C8-3B4C-4A62-A205-1F98126BF475}.Debug|x64.Build.0 = Debug|x64
		{9412D2C8-3B4C-4A62-A205-1F98126BF475}.Debug|x86.ActiveCfg = Debug|Win32
		{9412D2C8-3B4C-4A62-A205-1F98126BF475}.Debug|x86.Build.0 = Debug|Win32
		{9412D2C8-3B4C-4A62-A205-1F98126BF475}.Release|x64.ActiveCfg = Release|x64
		{9412D2C8-3B4C-4A62-A205-1F98126BF475}.Release|x64.Build.0 = Release|x64
		{9412D2C8-3B4C-4A62-A205-1F98126BF475}.Release|x86.ActiveCfg = Release|Win32
		{9412D2C8-3B4C-4A62-A205-1F98126BF475}.Release|x86.Build.0 = Release|Win32
		{0D86F0A8-3460-4AA3-829B-D6EC54B4F34C}.Debug|x64.ActiveCfg = Debug|x64
		{0D86F0A8-3460-4AA3-829B-D6EC54B4F34C}.Debug|x64.Build.0 = Debug|x64
		{0D86F0A8-3460-4AA3-829B-D6EC54B4F34C}.Debug|x86.ActiveCfg = Debug|Win32
		{0D86F0A8-3460-4AA3-829B-D6EC54B4F34C}.Debug|x86.Build.0 = Debug|Win32
		{0D86F0A8-3460-4AA3-829B-D6EC54B4F34C}.Release|x64.ActiveCfg = Release|x64
		{0D86F0A8-3460-4AA3-829B-D6EC54B4F34C}.Release|x64.Build.0 = Release|x64
		{0D86F0A8-3460-4AA3-829B-D6EC54B4F34C}.Release|x86.ActiveCfg = Release|Win32
		{0D86F0A8-3460-4AA3-829B-D6EC54B4F34C}.Release|x86.Build.0 = Release|Win32
		{BEE0A6A8-0FBD-4C1C-A703-8955C7438B5E}.Debug|x64.ActiveCfg = Debug|x64
		{BEE0A6A8-0FBD-4C1C-A703-8955C7438B5E}.Debug|x64.Build.0 = Debug|x64
		{BEE0A6A8-0FBD-4C1C-A703-8955C7438B5E}.Debug|x86.ActiveCfg = Debug|Win32
		{BEE0A6A8-0FBD-4C1C-A703-8955C7438B5E}.Debug|x86.Build.0 = Debug|Win32
		{BEE0A6A8-0FBD-4C1C-A703-8955C7438B5E}.Release|x64.ActiveCfg = Release|x64
		{BEE0A6A8-0FBD-4C1C-A703-8955C7438B5E}.Release|x64.Build.0 = Release|x64
		{BEE0A6A8-0FBD-4C1C-A703-8955C7438B5E}.Release|x86.ActiveCfg = Release|Win32
		{BEE0A6A8-0FBD-4C1C-A703-8955C7438B5E}.Release|x86.Build.0 = Release|Win32
		{E709C19E-E1AC-46EF-8446-F46227EEA7CA}.Debug|x64.ActiveCfg = Debug|x64
		{E709C19E-E1AC-46EF-8446-F46227EEA7CA}.Debug|x64.Build.0 = Debug|x64
		{E709C19E-E1AC-46EF-8446-F46227EEA7CA}.Debug|x86.ActiveCfg = Debug|Win32
		{E709C19E-E1AC-46EF-8446-F46227EEA7CA}.Debug|x86.Build.0 = Debug|Win32
		{E709C19E-E1AC-46EF-8446-F46227EEA7CA}.Release|x64.ActiveCfg = Release|x64
		{E709C19E-E1AC-46EF-8446-F46227EEA7CA}.Release|x64.Build.0 = Release|x64
		{E709C19E-E1AC-46EF-8446-F46227EEA7CA}.Release|x86.ActiveCfg = Release|Win32
		{E709C19E-E1AC-46EF-8446-F46227EEA7CA}.Release|x86.Build.0 = Release|Win32
		{28252139-C6EC-4448-AACA-5B0D8F44CB1D}.Debug|x64.ActiveCfg = Debug|x64
		{28252139-C6EC-4448-AACA-5B0D8F44CB1D}.Debug|x64.Build.0 = Debug|x64
		{28252139-C6EC-4448-AACA-5B0D8F44CB1D}.Debug|x86.ActiveCfg = Debug|Win32
		{28252139-C6EC-4448-AACA-5B0D8F44CB1D}.Debug|x86.Build.0 = Debug|Win32
		{28252139-C6EC-4448-AACA-5B0D8F44CB1D}.Release|x64.ActiveCfg = Release|x64
		{28252139-C6EC-4448-AACA-5B0D8F44CB1D}.Release|x64.Build.0 = Release|x64
		{28252139-C6EC-4448-AACA-5B0D8F44CB1D}.Release|x86.ActiveCfg = Release|Win32
		{28252139-C6EC-4448-AACA-5B0D8F44CB1D}.Release|x86.Build.0 = Release|Win32
		{B99C198B-062E-4285-A698-306BCB07162D}.Debug|x64.ActiveCfg = Debug|x64
		{B99C198B-062E-4285-A698-306BCB07162D}.Debug|x64.Build.0 = Debug|x64
		{B99C198B-062E-4285-A698-306BCB07162D}.Debug|x86.ActiveCfg = Debug|Win32
		{B99C198B-062E-4285-A698-306BCB07162D}.Debug|x86.Build.0 = Debug|Win32
		{B99C198B-062E-4285-A698-306BCB07162D}.Release|x64.ActiveCfg = Release|x64
		{B99C198B-062E-4285-A698-306BCB07162D}.Release|x64.Build.0 = Release|x64
		{B99C198B-062E-4285-A698-306BCB07162D}.Release|x86.ActiveCfg = Release|Win32
		{B99C198B-062E-4285-A698-306BCB07162D}.Release|x86.Build.0 = Release|Win32
		{607F4C9C-6A7C-40A0-A713-9575CC857614}.Debug|x64.ActiveCfg = Debug|x64
		{607F4C9C-6A7C-40A0-A713-9575CC857614}.Debug|x64.Build.0 = Debug|x64
		{607F4C9C-6A7C-40A0-A713-9575CC857614}.Debug|x86.ActiveCfg = Debug|Win32
		{607F4C9C-6A7C-40A0-A713-9575CC857614}.Debug|x86.Build.0 = Debug|Win32
		{607F4C9C-6A7C-40A0-A713-9575CC857614}.Release|x64.ActiveCfg = Release|x64
		{607F4C9C-6A7C-40A0-A713-9575CC857614}.Release|x64.Build.0 = Release|x64
		{607F4C9C-6A7C-40A0-A713-9575CC857614}.Release|x86.ActiveCfg = Release|Win32
		{607F4C9C-6A7C-40A0-A713-9575CC857614}.Release|x86.Build.0 = Release|Win32
		{8CB94B41-268F-435B-83DE-E4C3FF6C21D4}.Debug|x64.ActiveCfg = Debug|x64
		{8CB94B41-268F-435B-83DE-E4C3FF6C21D4}.Debug|x64.Build.0 = Debug|x64
		{8CB94B41-268F-435B-83DE-E4C3FF6C21D4}.Debug|x86.ActiveCfg = Debug|Win32
		{8CB94B41-268F-435B-83DE-E4C3FF6C21D4}.Debug|x86.Build.0 = Debug|Win32
		{8CB94B41-268F-435B-83DE-E4C3FF6C21D4}.Release|x64.ActiveCfg = Release|x64
		{8CB94B41-268F-435B-83DE-E4C3FF6C21D4}.Release|x64.Build.0 = Release|x64
		{8CB94B41-268F-435B-83DE-E4C3FF6C21D4}.Release|x86.ActiveCfg = Release|Win32
		{8CB94B41-268F-435B-83DE-E4C3FF6C21D4}.Release|x86.Build.0 = Release|Win32
		{7256CFD9-382D-4BE9-8EF3-AF51A4D516BD}.Debug|x64.ActiveCfg = Debug|x64
		{7256CFD9-382D-4BE9-8EF3-AF51A4D516BD}.Debug|x64.Build.0 = Debug|x64
		{7256CFD9-382D-4BE9-8EF3-AF51A4D516BD}.Debug|x86.ActiveCfg = Debug|Win32
		{7256CFD9-382D-4BE9-8EF3-AF51A4D516BD}.Debug|x86.Build.0 = Debug|Win32
		{7256CFD9-382D-4BE9-8EF3-AF51A4D516BD}.Release|x64.ActiveCfg = Release|x64
		{7256CFD9-382D-4BE9-8EF3-AF51A4D516BD}.Release|x64.Build.0 = Release|x64
		{7256CFD9-382D-4BE9-8EF3-AF51A4D516BD}.Release|x86.ActiveCfg = Release|Win32
		{7256CFD9-382D-4BE9-8EF3-AF51A4D516BD}.Release|x86.Build.0 = Release|Win32
		{41DBE092-B6CC-4F45-9164-47FF881D7AD5}.Debug|x64.ActiveCfg = Debug|x64
		{41DBE092-B6CC-4F45-9164-47FF881D7AD5}.Debug|x64.Build.0 = Debug|x64
		{41DBE092-B6CC-4F45-9164-47FF881D7AD5}.Debug|x86.ActiveCfg = Debug|Win32
		{41DBE092-B6CC-4F45-9164-47FF881D7AD5}.Debug|x86.Build.0 = Debug|Win32
		{41DBE092-B6CC-4F45-9164-47FF881D7AD5}.Release|x64.ActiveCfg = Release|x64
		{41DBE092-B6CC-4F45-9164-47FF881D7AD5}.Release|x64.Build.0 = Release|x64
		{41DBE092-B6CC-4F45-9164-47FF881D7AD5}.Release|x86.ActiveCfg = Release|Win32
		{41DBE092-B6CC-4F45-9164-47FF881D7AD5}.Release|x86.Build.0 = Release|Win32
	EndGlobalSection
	GlobalSection(SolutionProperties) = preSolution
		HideSolutionNode = FALSE
	EndGlobalSection
	GlobalSection(NestedProjects) = preSolution
		{1C85B9BF-EAC2-420B-A366-B48C4CCE8557} = {61AABFC5-9C11-4F0D-8C75-CBB97A85A29E}
		{86686EDE-B09E-49D6-9350-24EDDBA914DC} = {61AABFC5-9C11-4F0D-8C75-CBB97A85A29E}
		{CE1AF342-ADBA-4275-AB62-24ECF82D97F4} = {61AABFC5-9C11-4F0D-8C75-CBB97A85A29E}
		{F5610FB5-1345-4653-A1D3-455322271E3E} = {61AABFC5-9C11-4F0D-8C75-CBB97A85A29E}
		{75002FF6-A174-4521-932D-2CC71C0DA771} = {61AABFC5-9C11-4F0D-8C75-CBB97A85A29E}
		{3C8204CA-5216-46F6-A863-4B772B4F1148} = {61AABFC5-9C11-4F0D-8C75-CBB97A85A29E}
		{2B4A0F3F-A01C-43AE-B84A-2C35C6A12A60} = {61AABFC5-9C11-4F0D-8C75-CBB97A85A29E}
		{27698544-0154-4D6D-B90B-4C6515B40C5E} = {61AABFC5-9C11-4F0D-8C75-CBB97A85A29E}
		{1A9F6AF6-68A7-4425-91B4-88E051E7F51A} = {179C5F77-00E9-4DF3-AEB6-611A57012233}
		{86A77812-3E14-4657-ABE1-FF1AAF478917} = {179C5F77-00E9-4DF3-AEB6-611A57012233}
		{2EAC4557-CC82-432D-B6BC-41BB9CC9849C} = {179C5F77-00E9-4DF3-AEB6-611A57012233}
		{9412D2C8-3B4C-4A62-A205-1F98126BF475} = {179C5F77-00E9-4DF3-AEB6-611A57012233}
		{0D86F0A8-3460-4AA3-829B-D6EC54B4F34C} = {179C5F77-00E9-4DF3-AEB6-611A57012233}
		{BEE0A6A8-0FBD-4C1C-A703-8955C7438B5E} = {179C5F77-00E9-4DF3-AEB6-611A57012233}
		{E709C19E-E1AC-46EF-8446-F46227EEA7CA} = {179C5F77-00E9-4DF3-AEB6-611A57012233}
		{28252139-C6EC-4448-AACA-5B0D8F44CB1D} = {179C5F77-00E9-4DF3-AEB6-611A57012233}
		{B99C198B-062E-4285-A698-306BCB07162D} = {179C5F77-00E9-4DF3-AEB6-611A57012233}
		{607F4C9C-6A7C-40A0-A713-9575CC857614} = {179C5F77-00E9-4DF3-AEB6-611A57012233}
		{8CB94B41-268F-435B-83DE-E4C3FF6C21D4} = {179C5F77-00E9-4DF3-AEB6-611A57012233}
		{7256CFD9-382D-4BE9-8EF3-AF51A4D516BD} = {179C5F77-00E9-4DF3-AEB6-611A57012233}
		{41DBE092-B6CC-4F45-9164-47FF881D7AD5} = {179C5F77-00E9-4DF3-AEB6-611A57012233}
	EndGlobalSection
	GlobalSection(ExtensibilityGlobals) = postSolution
		SolutionGuid = {B7E63605-2BDF-400D-9E40-687CDE2CDEDB}
	EndGlobalSection
EndGlobal
